// !$*UTF8*$!
{
	archiveVersion = 1;
	classes = {
	};
	objectVersion = 50;
	objects = {

/* Begin PBXBuildFile section */
		1E5821D626A9595A00F0A4A1 /* AppDelegate.swift in Sources */ = {isa = PBXBuildFile; fileRef = 1E5821D526A9595A00F0A4A1 /* AppDelegate.swift */; };
		1E5821D826A9595A00F0A4A1 /* SceneDelegate.swift in Sources */ = {isa = PBXBuildFile; fileRef = 1E5821D726A9595A00F0A4A1 /* SceneDelegate.swift */; };
		1E5821DA26A9595A00F0A4A1 /* ViewController.swift in Sources */ = {isa = PBXBuildFile; fileRef = 1E5821D926A9595A00F0A4A1 /* ViewController.swift */; };
		1E5821DD26A9595A00F0A4A1 /* Main.storyboard in Resources */ = {isa = PBXBuildFile; fileRef = 1E5821DB26A9595A00F0A4A1 /* Main.storyboard */; };
		1E5821DF26A9595D00F0A4A1 /* Assets.xcassets in Resources */ = {isa = PBXBuildFile; fileRef = 1E5821DE26A9595D00F0A4A1 /* Assets.xcassets */; };
		1E5821E226A9595D00F0A4A1 /* LaunchScreen.storyboard in Resources */ = {isa = PBXBuildFile; fileRef = 1E5821E026A9595D00F0A4A1 /* LaunchScreen.storyboard */; };
		1E5821ED26A9595D00F0A4A1 /* iWeatherTests.swift in Sources */ = {isa = PBXBuildFile; fileRef = 1E5821EC26A9595D00F0A4A1 /* iWeatherTests.swift */; };
		1E5821F826A9595D00F0A4A1 /* iWeatherUITests.swift in Sources */ = {isa = PBXBuildFile; fileRef = 1E5821F726A9595D00F0A4A1 /* iWeatherUITests.swift */; };
		1E58220726A95D0100F0A4A1 /* Extension.swift in Sources */ = {isa = PBXBuildFile; fileRef = 1E58220626A95D0100F0A4A1 /* Extension.swift */; };
		1E58220B26A95D8B00F0A4A1 /* APIHandler.swift in Sources */ = {isa = PBXBuildFile; fileRef = 1E58220A26A95D8B00F0A4A1 /* APIHandler.swift */; };
		1E58220D26A95EA700F0A4A1 /* FetchData.swift in Sources */ = {isa = PBXBuildFile; fileRef = 1E58220C26A95EA700F0A4A1 /* FetchData.swift */; };
/* End PBXBuildFile section */

/* Begin PBXContainerItemProxy section */
		1E5821E926A9595D00F0A4A1 /* PBXContainerItemProxy */ = {
			isa = PBXContainerItemProxy;
			containerPortal = 1E5821CA26A9595900F0A4A1 /* Project object */;
			proxyType = 1;
			remoteGlobalIDString = 1E5821D126A9595900F0A4A1;
			remoteInfo = iWeather;
		};
		1E5821F426A9595D00F0A4A1 /* PBXContainerItemProxy */ = {
			isa = PBXContainerItemProxy;
			containerPortal = 1E5821CA26A9595900F0A4A1 /* Project object */;
			proxyType = 1;
			remoteGlobalIDString = 1E5821D126A9595900F0A4A1;
			remoteInfo = iWeather;
		};
/* End PBXContainerItemProxy section */

/* Begin PBXFileReference section */
		1E5821D226A9595900F0A4A1 /* iWeather.app */ = {isa = PBXFileReference; explicitFileType = wrapper.application; includeInIndex = 0; path = iWeather.app; sourceTree = BUILT_PRODUCTS_DIR; };
		1E5821D526A9595A00F0A4A1 /* AppDelegate.swift */ = {isa = PBXFileReference; lastKnownFileType = sourcecode.swift; path = AppDelegate.swift; sourceTree = "<group>"; };
		1E5821D726A9595A00F0A4A1 /* SceneDelegate.swift */ = {isa = PBXFileReference; lastKnownFileType = sourcecode.swift; path = SceneDelegate.swift; sourceTree = "<group>"; };
		1E5821D926A9595A00F0A4A1 /* ViewController.swift */ = {isa = PBXFileReference; lastKnownFileType = sourcecode.swift; path = ViewController.swift; sourceTree = "<group>"; };
		1E5821DC26A9595A00F0A4A1 /* Base */ = {isa = PBXFileReference; lastKnownFileType = file.storyboard; name = Base; path = Base.lproj/Main.storyboard; sourceTree = "<group>"; };
		1E5821DE26A9595D00F0A4A1 /* Assets.xcassets */ = {isa = PBXFileReference; lastKnownFileType = folder.assetcatalog; path = Assets.xcassets; sourceTree = "<group>"; };
		1E5821E126A9595D00F0A4A1 /* Base */ = {isa = PBXFileReference; lastKnownFileType = file.storyboard; name = Base; path = Base.lproj/LaunchScreen.storyboard; sourceTree = "<group>"; };
		1E5821E326A9595D00F0A4A1 /* Info.plist */ = {isa = PBXFileReference; lastKnownFileType = text.plist.xml; path = Info.plist; sourceTree = "<group>"; };
		1E5821E826A9595D00F0A4A1 /* iWeatherTests.xctest */ = {isa = PBXFileReference; explicitFileType = wrapper.cfbundle; includeInIndex = 0; path = iWeatherTests.xctest; sourceTree = BUILT_PRODUCTS_DIR; };
		1E5821EC26A9595D00F0A4A1 /* iWeatherTests.swift */ = {isa = PBXFileReference; lastKnownFileType = sourcecode.swift; path = iWeatherTests.swift; sourceTree = "<group>"; };
		1E5821EE26A9595D00F0A4A1 /* Info.plist */ = {isa = PBXFileReference; lastKnownFileType = text.plist.xml; path = Info.plist; sourceTree = "<group>"; };
		1E5821F326A9595D00F0A4A1 /* iWeatherUITests.xctest */ = {isa = PBXFileReference; explicitFileType = wrapper.cfbundle; includeInIndex = 0; path = iWeatherUITests.xctest; sourceTree = BUILT_PRODUCTS_DIR; };
		1E5821F726A9595D00F0A4A1 /* iWeatherUITests.swift */ = {isa = PBXFileReference; lastKnownFileType = sourcecode.swift; path = iWeatherUITests.swift; sourceTree = "<group>"; };
		1E5821F926A9595D00F0A4A1 /* Info.plist */ = {isa = PBXFileReference; lastKnownFileType = text.plist.xml; path = Info.plist; sourceTree = "<group>"; };
		1E58220626A95D0100F0A4A1 /* Extension.swift */ = {isa = PBXFileReference; lastKnownFileType = sourcecode.swift; path = Extension.swift; sourceTree = "<group>"; };
		1E58220A26A95D8B00F0A4A1 /* APIHandler.swift */ = {isa = PBXFileReference; lastKnownFileType = sourcecode.swift; path = APIHandler.swift; sourceTree = "<group>"; };
		1E58220C26A95EA700F0A4A1 /* FetchData.swift */ = {isa = PBXFileReference; lastKnownFileType = sourcecode.swift; path = FetchData.swift; sourceTree = "<group>"; };
/* End PBXFileReference section */

/* Begin PBXFrameworksBuildPhase section */
		1E5821CF26A9595900F0A4A1 /* Frameworks */ = {
			isa = PBXFrameworksBuildPhase;
			buildActionMask = 2147483647;
			files = (
			);
			runOnlyForDeploymentPostprocessing = 0;
		};
		1E5821E526A9595D00F0A4A1 /* Frameworks */ = {
			isa = PBXFrameworksBuildPhase;
			buildActionMask = 2147483647;
			files = (
			);
			runOnlyForDeploymentPostprocessing = 0;
		};
		1E5821F026A9595D00F0A4A1 /* Frameworks */ = {
			isa = PBXFrameworksBuildPhase;
			buildActionMask = 2147483647;
			files = (
			);
			runOnlyForDeploymentPostprocessing = 0;
		};
/* End PBXFrameworksBuildPhase section */

/* Begin PBXGroup section */
		1E5821C926A9595900F0A4A1 = {
			isa = PBXGroup;
			children = (
				1E5821D426A9595900F0A4A1 /* iWeather */,
				1E5821EB26A9595D00F0A4A1 /* iWeatherTests */,
				1E5821F626A9595D00F0A4A1 /* iWeatherUITests */,
				1E5821D326A9595900F0A4A1 /* Products */,
			);
			sourceTree = "<group>";
		};
		1E5821D326A9595900F0A4A1 /* Products */ = {
			isa = PBXGroup;
			children = (
				1E5821D226A9595900F0A4A1 /* iWeather.app */,
				1E5821E826A9595D00F0A4A1 /* iWeatherTests.xctest */,
				1E5821F326A9595D00F0A4A1 /* iWeatherUITests.xctest */,
			);
			name = Products;
			sourceTree = "<group>";
		};
		1E5821D426A9595900F0A4A1 /* iWeather */ = {
			isa = PBXGroup;
			children = (
				1E58220526A95CEA00F0A4A1 /* Extras */,
				1E5821D526A9595A00F0A4A1 /* AppDelegate.swift */,
				1E5821D726A9595A00F0A4A1 /* SceneDelegate.swift */,
				1E5821D926A9595A00F0A4A1 /* ViewController.swift */,
				1E58220A26A95D8B00F0A4A1 /* APIHandler.swift */,
				1E58220C26A95EA700F0A4A1 /* FetchData.swift */,
				1E5821DB26A9595A00F0A4A1 /* Main.storyboard */,
				1E5821DE26A9595D00F0A4A1 /* Assets.xcassets */,
				1E5821E026A9595D00F0A4A1 /* LaunchScreen.storyboard */,
				1E5821E326A9595D00F0A4A1 /* Info.plist */,
			);
			path = iWeather;
			sourceTree = "<group>";
		};
		1E5821EB26A9595D00F0A4A1 /* iWeatherTests */ = {
			isa = PBXGroup;
			children = (
				1E5821EC26A9595D00F0A4A1 /* iWeatherTests.swift */,
				1E5821EE26A9595D00F0A4A1 /* Info.plist */,
			);
			path = iWeatherTests;
			sourceTree = "<group>";
		};
		1E5821F626A9595D00F0A4A1 /* iWeatherUITests */ = {
			isa = PBXGroup;
			children = (
				1E5821F726A9595D00F0A4A1 /* iWeatherUITests.swift */,
				1E5821F926A9595D00F0A4A1 /* Info.plist */,
			);
			path = iWeatherUITests;
			sourceTree = "<group>";
		};
		1E58220526A95CEA00F0A4A1 /* Extras */ = {
			isa = PBXGroup;
			children = (
				1E58220626A95D0100F0A4A1 /* Extension.swift */,
			);
			path = Extras;
			sourceTree = "<group>";
		};
/* End PBXGroup section */

/* Begin PBXNativeTarget section */
		1E5821D126A9595900F0A4A1 /* iWeather */ = {
			isa = PBXNativeTarget;
			buildConfigurationList = 1E5821FC26A9595D00F0A4A1 /* Build configuration list for PBXNativeTarget "iWeather" */;
			buildPhases = (
				1E5821CE26A9595900F0A4A1 /* Sources */,
				1E5821CF26A9595900F0A4A1 /* Frameworks */,
				1E5821D026A9595900F0A4A1 /* Resources */,
			);
			buildRules = (
			);
			dependencies = (
			);
			name = iWeather;
			productName = iWeather;
			productReference = 1E5821D226A9595900F0A4A1 /* iWeather.app */;
			productType = "com.apple.product-type.application";
		};
		1E5821E726A9595D00F0A4A1 /* iWeatherTests */ = {
			isa = PBXNativeTarget;
			buildConfigurationList = 1E5821FF26A9595D00F0A4A1 /* Build configuration list for PBXNativeTarget "iWeatherTests" */;
			buildPhases = (
				1E5821E426A9595D00F0A4A1 /* Sources */,
				1E5821E526A9595D00F0A4A1 /* Frameworks */,
				1E5821E626A9595D00F0A4A1 /* Resources */,
			);
			buildRules = (
			);
			dependencies = (
				1E5821EA26A9595D00F0A4A1 /* PBXTargetDependency */,
			);
			name = iWeatherTests;
			productName = iWeatherTests;
			productReference = 1E5821E826A9595D00F0A4A1 /* iWeatherTests.xctest */;
			productType = "com.apple.product-type.bundle.unit-test";
		};
		1E5821F226A9595D00F0A4A1 /* iWeatherUITests */ = {
			isa = PBXNativeTarget;
			buildConfigurationList = 1E58220226A9595D00F0A4A1 /* Build configuration list for PBXNativeTarget "iWeatherUITests" */;
			buildPhases = (
				1E5821EF26A9595D00F0A4A1 /* Sources */,
				1E5821F026A9595D00F0A4A1 /* Frameworks */,
				1E5821F126A9595D00F0A4A1 /* Resources */,
			);
			buildRules = (
			);
			dependencies = (
				1E5821F526A9595D00F0A4A1 /* PBXTargetDependency */,
			);
			name = iWeatherUITests;
			productName = iWeatherUITests;
			productReference = 1E5821F326A9595D00F0A4A1 /* iWeatherUITests.xctest */;
			productType = "com.apple.product-type.bundle.ui-testing";
		};
/* End PBXNativeTarget section */

/* Begin PBXProject section */
		1E5821CA26A9595900F0A4A1 /* Project object */ = {
			isa = PBXProject;
			attributes = {
				LastSwiftUpdateCheck = 1140;
				LastUpgradeCheck = 1140;
				ORGANIZATIONNAME = "Nick patel";
				TargetAttributes = {
					1E5821D126A9595900F0A4A1 = {
						CreatedOnToolsVersion = 11.4;
					};
					1E5821E726A9595D00F0A4A1 = {
						CreatedOnToolsVersion = 11.4;
						TestTargetID = 1E5821D126A9595900F0A4A1;
					};
					1E5821F226A9595D00F0A4A1 = {
						CreatedOnToolsVersion = 11.4;
						TestTargetID = 1E5821D126A9595900F0A4A1;
					};
				};
			};
			buildConfigurationList = 1E5821CD26A9595900F0A4A1 /* Build configuration list for PBXProject "iWeather" */;
			compatibilityVersion = "Xcode 9.3";
			developmentRegion = en;
			hasScannedForEncodings = 0;
			knownRegions = (
				en,
				Base,
			);
			mainGroup = 1E5821C926A9595900F0A4A1;
			productRefGroup = 1E5821D326A9595900F0A4A1 /* Products */;
			projectDirPath = "";
			projectRoot = "";
			targets = (
				1E5821D126A9595900F0A4A1 /* iWeather */,
				1E5821E726A9595D00F0A4A1 /* iWeatherTests */,
				1E5821F226A9595D00F0A4A1 /* iWeatherUITests */,
			);
		};
/* End PBXProject section */

/* Begin PBXResourcesBuildPhase section */
		1E5821D026A9595900F0A4A1 /* Resources */ = {
			isa = PBXResourcesBuildPhase;
			buildActionMask = 2147483647;
			files = (
				1E5821E226A9595D00F0A4A1 /* LaunchScreen.storyboard in Resources */,
				1E5821DF26A9595D00F0A4A1 /* Assets.xcassets in Resources */,
				1E5821DD26A9595A00F0A4A1 /* Main.storyboard in Resources */,
			);
			runOnlyForDeploymentPostprocessing = 0;
		};
		1E5821E626A9595D00F0A4A1 /* Resources */ = {
			isa = PBXResourcesBuildPhase;
			buildActionMask = 2147483647;
			files = (
			);
			runOnlyForDeploymentPostprocessing = 0;
		};
		1E5821F126A9595D00F0A4A1 /* Resources */ = {
			isa = PBXResourcesBuildPhase;
			buildActionMask = 2147483647;
			files = (
			);
			runOnlyForDeploymentPostprocessing = 0;
		};
/* End PBXResourcesBuildPhase section */

/* Begin PBXSourcesBuildPhase section */
		1E5821CE26A9595900F0A4A1 /* Sources */ = {
			isa = PBXSourcesBuildPhase;
			buildActionMask = 2147483647;
			files = (
				1E5821DA26A9595A00F0A4A1 /* ViewController.swift in Sources */,
				1E5821D626A9595A00F0A4A1 /* AppDelegate.swift in Sources */,
				1E58220B26A95D8B00F0A4A1 /* APIHandler.swift in Sources */,
				1E5821D826A9595A00F0A4A1 /* SceneDelegate.swift in Sources */,
				1E58220D26A95EA700F0A4A1 /* FetchData.swift in Sources */,
				1E58220726A95D0100F0A4A1 /* Extension.swift in Sources */,
			);
			runOnlyForDeploymentPostprocessing = 0;
		};
		1E5821E426A9595D00F0A4A1 /* Sources */ = {
			isa = PBXSourcesBuildPhase;
			buildActionMask = 2147483647;
			files = (
				1E5821ED26A9595D00F0A4A1 /* iWeatherTests.swift in Sources */,
			);
			runOnlyForDeploymentPostprocessing = 0;
		};
		1E5821EF26A9595D00F0A4A1 /* Sources */ = {
			isa = PBXSourcesBuildPhase;
			buildActionMask = 2147483647;
			files = (
				1E5821F826A9595D00F0A4A1 /* iWeatherUITests.swift in Sources */,
			);
			runOnlyForDeploymentPostprocessing = 0;
		};
/* End PBXSourcesBuildPhase section */

/* Begin PBXTargetDependency section */
		1E5821EA26A9595D00F0A4A1 /* PBXTargetDependency */ = {
			isa = PBXTargetDependency;
			target = 1E5821D126A9595900F0A4A1 /* iWeather */;
			targetProxy = 1E5821E926A9595D00F0A4A1 /* PBXContainerItemProxy */;
		};
		1E5821F526A9595D00F0A4A1 /* PBXTargetDependency */ = {
			isa = PBXTargetDependency;
			target = 1E5821D126A9595900F0A4A1 /* iWeather */;
			targetProxy = 1E5821F426A9595D00F0A4A1 /* PBXContainerItemProxy */;
		};
/* End PBXTargetDependency section */

/* Begin PBXVariantGroup section */
		1E5821DB26A9595A00F0A4A1 /* Main.storyboard */ = {
			isa = PBXVariantGroup;
			children = (
				1E5821DC26A9595A00F0A4A1 /* Base */,
			);
			name = Main.storyboard;
			sourceTree = "<group>";
		};
		1E5821E026A9595D00F0A4A1 /* LaunchScreen.storyboard */ = {
			isa = PBXVariantGroup;
			children = (
				1E5821E126A9595D00F0A4A1 /* Base */,
			);
			name = LaunchScreen.storyboard;
			sourceTree = "<group>";
		};
/* End PBXVariantGroup section */

/* Begin XCBuildConfiguration section */
		1E5821FA26A9595D00F0A4A1 /* Debug */ = {
			isa = XCBuildConfiguration;
			buildSettings = {
				ALWAYS_SEARCH_USER_PATHS = NO;
				CLANG_ANALYZER_NONNULL = YES;
				CLANG_ANALYZER_NUMBER_OBJECT_CONVERSION = YES_AGGRESSIVE;
				CLANG_CXX_LANGUAGE_STANDARD = "gnu++14";
				CLANG_CXX_LIBRARY = "libc++";
				CLANG_ENABLE_MODULES = YES;
				CLANG_ENABLE_OBJC_ARC = YES;
				CLANG_ENABLE_OBJC_WEAK = YES;
				CLANG_WARN_BLOCK_CAPTURE_AUTORELEASING = YES;
				CLANG_WARN_BOOL_CONVERSION = YES;
				CLANG_WARN_COMMA = YES;
				CLANG_WARN_CONSTANT_CONVERSION = YES;
				CLANG_WARN_DEPRECATED_OBJC_IMPLEMENTATIONS = YES;
				CLANG_WARN_DIRECT_OBJC_ISA_USAGE = YES_ERROR;
				CLANG_WARN_DOCUMENTATION_COMMENTS = YES;
				CLANG_WARN_EMPTY_BODY = YES;
				CLANG_WARN_ENUM_CONVERSION = YES;
				CLANG_WARN_INFINITE_RECURSION = YES;
				CLANG_WARN_INT_CONVERSION = YES;
				CLANG_WARN_NON_LITERAL_NULL_CONVERSION = YES;
				CLANG_WARN_OBJC_IMPLICIT_RETAIN_SELF = YES;
				CLANG_WARN_OBJC_LITERAL_CONVERSION = YES;
				CLANG_WARN_OBJC_ROOT_CLASS = YES_ERROR;
				CLANG_WARN_RANGE_LOOP_ANALYSIS = YES;
				CLANG_WARN_STRICT_PROTOTYPES = YES;
				CLANG_WARN_SUSPICIOUS_MOVE = YES;
				CLANG_WARN_UNGUARDED_AVAILABILITY = YES_AGGRESSIVE;
				CLANG_WARN_UNREACHABLE_CODE = YES;
				CLANG_WARN__DUPLICATE_METHOD_MATCH = YES;
				COPY_PHASE_STRIP = NO;
				DEBUG_INFORMATION_FORMAT = dwarf;
				ENABLE_STRICT_OBJC_MSGSEND = YES;
				ENABLE_TESTABILITY = YES;
				GCC_C_LANGUAGE_STANDARD = gnu11;
				GCC_DYNAMIC_NO_PIC = NO;
				GCC_NO_COMMON_BLOCKS = YES;
				GCC_OPTIMIZATION_LEVEL = 0;
				GCC_PREPROCESSOR_DEFINITIONS = (
					"DEBUG=1",
					"$(inherited)",
				);
				GCC_WARN_64_TO_32_BIT_CONVERSION = YES;
				GCC_WARN_ABOUT_RETURN_TYPE = YES_ERROR;
				GCC_WARN_UNDECLARED_SELECTOR = YES;
				GCC_WARN_UNINITIALIZED_AUTOS = YES_AGGRESSIVE;
				GCC_WARN_UNUSED_FUNCTION = YES;
				GCC_WARN_UNUSED_VARIABLE = YES;
				IPHONEOS_DEPLOYMENT_TARGET = 13.4;
				MTL_ENABLE_DEBUG_INFO = INCLUDE_SOURCE;
				MTL_FAST_MATH = YES;
				ONLY_ACTIVE_ARCH = YES;
				SDKROOT = iphoneos;
				SWIFT_ACTIVE_COMPILATION_CONDITIONS = DEBUG;
				SWIFT_OPTIMIZATION_LEVEL = "-Onone";
			};
			name = Debug;
		};
		1E5821FB26A9595D00F0A4A1 /* Release */ = {
			isa = XCBuildConfiguration;
			buildSettings = {
				ALWAYS_SEARCH_USER_PATHS = NO;
				CLANG_ANALYZER_NONNULL = YES;
				CLANG_ANALYZER_NUMBER_OBJECT_CONVERSION = YES_AGGRESSIVE;
				CLANG_CXX_LANGUAGE_STANDARD = "gnu++14";
				CLANG_CXX_LIBRARY = "libc++";
				CLANG_ENABLE_MODULES = YES;
				CLANG_ENABLE_OBJC_ARC = YES;
				CLANG_ENABLE_OBJC_WEAK = YES;
				CLANG_WARN_BLOCK_CAPTURE_AUTORELEASING = YES;
				CLANG_WARN_BOOL_CONVERSION = YES;
				CLANG_WARN_COMMA = YES;
				CLANG_WARN_CONSTANT_CONVERSION = YES;
				CLANG_WARN_DEPRECATED_OBJC_IMPLEMENTATIONS = YES;
				CLANG_WARN_DIRECT_OBJC_ISA_USAGE = YES_ERROR;
				CLANG_WARN_DOCUMENTATION_COMMENTS = YES;
				CLANG_WARN_EMPTY_BODY = YES;
				CLANG_WARN_ENUM_CONVERSION = YES;
				CLANG_WARN_INFINITE_RECURSION = YES;
				CLANG_WARN_INT_CONVERSION = YES;
				CLANG_WARN_NON_LITERAL_NULL_CONVERSION = YES;
				CLANG_WARN_OBJC_IMPLICIT_RETAIN_SELF = YES;
				CLANG_WARN_OBJC_LITERAL_CONVERSION = YES;
				CLANG_WARN_OBJC_ROOT_CLASS = YES_ERROR;
				CLANG_WARN_RANGE_LOOP_ANALYSIS = YES;
				CLANG_WARN_STRICT_PROTOTYPES = YES;
				CLANG_WARN_SUSPICIOUS_MOVE = YES;
				CLANG_WARN_UNGUARDED_AVAILABILITY = YES_AGGRESSIVE;
				CLANG_WARN_UNREACHABLE_CODE = YES;
				CLANG_WARN__DUPLICATE_METHOD_MATCH = YES;
				COPY_PHASE_STRIP = NO;
				DEBUG_INFORMATION_FORMAT = "dwarf-with-dsym";
				ENABLE_NS_ASSERTIONS = NO;
				ENABLE_STRICT_OBJC_MSGSEND = YES;
				GCC_C_LANGUAGE_STANDARD = gnu11;
				GCC_NO_COMMON_BLOCKS = YES;
				GCC_WARN_64_TO_32_BIT_CONVERSION = YES;
				GCC_WARN_ABOUT_RETURN_TYPE = YES_ERROR;
				GCC_WARN_UNDECLARED_SELECTOR = YES;
				GCC_WARN_UNINITIALIZED_AUTOS = YES_AGGRESSIVE;
				GCC_WARN_UNUSED_FUNCTION = YES;
				GCC_WARN_UNUSED_VARIABLE = YES;
				IPHONEOS_DEPLOYMENT_TARGET = 13.4;
				MTL_ENABLE_DEBUG_INFO = NO;
				MTL_FAST_MATH = YES;
				SDKROOT = iphoneos;
				SWIFT_COMPILATION_MODE = wholemodule;
				SWIFT_OPTIMIZATION_LEVEL = "-O";
				VALIDATE_PRODUCT = YES;
			};
			name = Release;
		};
		1E5821FD26A9595D00F0A4A1 /* Debug */ = {
			isa = XCBuildConfiguration;
			buildSettings = {
				ASSETCATALOG_COMPILER_APPICON_NAME = AppIcon;
				CODE_SIGN_STYLE = Automatic;
				INFOPLIST_FILE = iWeather/Info.plist;
				LD_RUNPATH_SEARCH_PATHS = (
					"$(inherited)",
					"@executable_path/Frameworks",
				);
				PRODUCT_BUNDLE_IDENTIFIER = "Nick-Patel.iWeather";
				PRODUCT_NAME = "$(TARGET_NAME)";
				SWIFT_VERSION = 5.0;
				TARGETED_DEVICE_FAMILY = "1,2";
			};
			name = Debug;
		};
		1E5821FE26A9595D00F0A4A1 /* Release */ = {
			isa = XCBuildConfiguration;
			buildSettings = {
				ASSETCATALOG_COMPILER_APPICON_NAME = AppIcon;
				CODE_SIGN_STYLE = Automatic;
				INFOPLIST_FILE = iWeather/Info.plist;
				LD_RUNPATH_SEARCH_PATHS = (
					"$(inherited)",
					"@executable_path/Frameworks",
				);
				PRODUCT_BUNDLE_IDENTIFIER = "Nick-Patel.iWeather";
				PRODUCT_NAME = "$(TARGET_NAME)";
				SWIFT_VERSION = 5.0;
				TARGETED_DEVICE_FAMILY = "1,2";
			};
			name = Release;
		};
		1E58220026A9595D00F0A4A1 /* Debug */ = {
			isa = XCBuildConfiguration;
			buildSettings = {
				ALWAYS_EMBED_SWIFT_STANDARD_LIBRARIES = YES;
				BUNDLE_LOADER = "$(TEST_HOST)";
				CODE_SIGN_STYLE = Automatic;
				INFOPLIST_FILE = iWeatherTests/Info.plist;
				IPHONEOS_DEPLOYMENT_TARGET = 13.4;
				LD_RUNPATH_SEARCH_PATHS = (
					"$(inherited)",
					"@executable_path/Frameworks",
					"@loader_path/Frameworks",
				);
				PRODUCT_BUNDLE_IDENTIFIER = "Nick-Patel.iWeatherTests";
				PRODUCT_NAME = "$(TARGET_NAME)";
				SWIFT_VERSION = 5.0;
				TARGETED_DEVICE_FAMILY = "1,2";
				TEST_HOST = "$(BUILT_PRODUCTS_DIR)/iWeather.app/iWeather";
			};
			name = Debug;
		};
		1E58220126A9595D00F0A4A1 /* Release */ = {
			isa = XCBuildConfiguration;
			buildSettings = {
				ALWAYS_EMBED_SWIFT_STANDARD_LIBRARIES = YES;
				BUNDLE_LOADER = "$(TEST_HOST)";
				CODE_SIGN_STYLE = Automatic;
				INFOPLIST_FILE = iWeatherTests/Info.plist;
				IPHONEOS_DEPLOYMENT_TARGET = 13.4;
				LD_RUNPATH_SEARCH_PATHS = (
					"$(inherited)",
					"@executable_path/Frameworks",
					"@loader_path/Frameworks",
				);
				PRODUCT_BUNDLE_IDENTIFIER = "Nick-Patel.iWeatherTests";
				PRODUCT_NAME = "$(TARGET_NAME)";
				SWIFT_VERSION = 5.0;
				TARGETED_DEVICE_FAMILY = "1,2";
				TEST_HOST = "$(BUILT_PRODUCTS_DIR)/iWeather.app/iWeather";
			};
			name = Release;
		};
		1E58220326A9595D00F0A4A1 /* Debug */ = {
			isa = XCBuildConfiguration;
			buildSettings = {
				ALWAYS_EMBED_SWIFT_STANDARD_LIBRARIES = YES;
				CODE_SIGN_STYLE = Automatic;
				INFOPLIST_FILE = iWeatherUITests/Info.plist;
				LD_RUNPATH_SEARCH_PATHS = (
					"$(inherited)",
					"@executable_path/Frameworks",
					"@loader_path/Frameworks",
				);
				PRODUCT_BUNDLE_IDENTIFIER = "Nick-Patel.iWeatherUITests";
				PRODUCT_NAME = "$(TARGET_NAME)";
				SWIFT_VERSION = 5.0;
				TARGETED_DEVICE_FAMILY = "1,2";
				TEST_TARGET_NAME = iWeather;
			};
			name = Debug;
		};
		1E58220426A9595D00F0A4A1 /* Release */ = {
			isa = XCBuildConfiguration;
			buildSettings = {
				ALWAYS_EMBED_SWIFT_STANDARD_LIBRARIES = YES;
				CODE_SIGN_STYLE = Automatic;
				INFOPLIST_FILE = iWeatherUITests/Info.plist;
				LD_RUNPATH_SEARCH_PATHS = (
					"$(inherited)",
					"@executable_path/Frameworks",
					"@loader_path/Frameworks",
				);
				PRODUCT_BUNDLE_IDENTIFIER = "Nick-Patel.iWeatherUITests";
				PRODUCT_NAME = "$(TARGET_NAME)";
				SWIFT_VERSION = 5.0;
				TARGETED_DEVICE_FAMILY = "1,2";
				TEST_TARGET_NAME = iWeather;
			};
			name = Release;
		};
/* End XCBuildConfiguration section */

/* Begin XCConfigurationList section */
		1E5821CD26A9595900F0A4A1 /* Build configuration list for PBXProject "iWeather" */ = {
			isa = XCConfigurationList;
			buildConfigurations = (
				1E5821FA26A9595D00F0A4A1 /* Debug */,
				1E5821FB26A9595D00F0A4A1 /* Release */,
			);
			defaultConfigurationIsVisible = 0;
			defaultConfigurationName = Release;
		};
		1E5821FC26A9595D00F0A4A1 /* Build configuration list for PBXNativeTarget "iWeather" */ = {
			isa = XCConfigurationList;
			buildConfigurations = (
				1E5821FD26A9595D00F0A4A1 /* Debug */,
				1E5821FE26A9595D00F0A4A1 /* Release */,
			);
			defaultConfigurationIsVisible = 0;
			defaultConfigurationName = Release;
		};
		1E5821FF26A9595D00F0A4A1 /* Build configuration list for PBXNativeTarget "iWeatherTests" */ = {
			isa = XCConfigurationList;
			buildConfigurations = (
				1E58220026A9595D00F0A4A1 /* Debug */,
				1E58220126A9595D00F0A4A1 /* Release */,
			);
			defaultConfigurationIsVisible = 0;
			defaultConfigurationName = Release;
		};
		1E58220226A9595D00F0A4A1 /* Build configuration list for PBXNativeTarget "iWeatherUITests" */ = {
			isa = XCConfigurationList;
			buildConfigurations = (
				1E58220326A9595D00F0A4A1 /* Debug */,
				1E58220426A9595D00F0A4A1 /* Release */,
			);
			defaultConfigurationIsVisible = 0;
			defaultConfigurationName = Release;
		};
/* End XCConfigurationList section */
	};
	rootObject = 1E5821CA26A9595900F0A4A1 /* Project object */;
}
